// !$*UTF8*$!
{
	archiveVersion = 1;
	classes = {
	};
	objectVersion = 50;
	objects = {

/* Begin PBXBuildFile section */
		285C5B002367D8F500519A5E /* AppDelegate.swift in Sources */ = {isa = PBXBuildFile; fileRef = 285C5AFF2367D8F500519A5E /* AppDelegate.swift */; };
		285C5B022367D8F500519A5E /* SceneDelegate.swift in Sources */ = {isa = PBXBuildFile; fileRef = 285C5B012367D8F500519A5E /* SceneDelegate.swift */; };
		285C5B042367D8F500519A5E /* ViewController.swift in Sources */ = {isa = PBXBuildFile; fileRef = 285C5B032367D8F500519A5E /* ViewController.swift */; };
		285C5B072367D8F500519A5E /* Main.storyboard in Resources */ = {isa = PBXBuildFile; fileRef = 285C5B052367D8F500519A5E /* Main.storyboard */; };
		285C5B092367D8FC00519A5E /* Assets.xcassets in Resources */ = {isa = PBXBuildFile; fileRef = 285C5B082367D8FC00519A5E /* Assets.xcassets */; };
		285C5B0C2367D8FC00519A5E /* LaunchScreen.storyboard in Resources */ = {isa = PBXBuildFile; fileRef = 285C5B0A2367D8FC00519A5E /* LaunchScreen.storyboard */; };
		285C5B222367D94B00519A5E /* PlacarEletronico.xib in Resources */ = {isa = PBXBuildFile; fileRef = 285C5B212367D94A00519A5E /* PlacarEletronico.xib */; };
		285C5B272367DBA000519A5E /* Caractere.swift in Sources */ = {isa = PBXBuildFile; fileRef = 285C5B242367DBA000519A5E /* Caractere.swift */; };
		285C5B282367DBA000519A5E /* Letreiro.swift in Sources */ = {isa = PBXBuildFile; fileRef = 285C5B252367DBA000519A5E /* Letreiro.swift */; };
		285C5B292367DBA000519A5E /* Pixel.swift in Sources */ = {isa = PBXBuildFile; fileRef = 285C5B262367DBA000519A5E /* Pixel.swift */; };
		285C5B2B2367DBBC00519A5E /* PlacarEletronico.swift in Sources */ = {isa = PBXBuildFile; fileRef = 285C5B2A2367DBBC00519A5E /* PlacarEletronico.swift */; };
/* End PBXBuildFile section */

/* Begin PBXFileReference section */
		285C5AFC2367D8F500519A5E /* PlacarEletronico.app */ = {isa = PBXFileReference; explicitFileType = wrapper.application; includeInIndex = 0; path = PlacarEletronico.app; sourceTree = BUILT_PRODUCTS_DIR; };
		285C5AFF2367D8F500519A5E /* AppDelegate.swift */ = {isa = PBXFileReference; lastKnownFileType = sourcecode.swift; path = AppDelegate.swift; sourceTree = "<group>"; };
		285C5B012367D8F500519A5E /* SceneDelegate.swift */ = {isa = PBXFileReference; lastKnownFileType = sourcecode.swift; path = SceneDelegate.swift; sourceTree = "<group>"; };
		285C5B032367D8F500519A5E /* ViewController.swift */ = {isa = PBXFileReference; lastKnownFileType = sourcecode.swift; path = ViewController.swift; sourceTree = "<group>"; };
		285C5B062367D8F500519A5E /* Base */ = {isa = PBXFileReference; lastKnownFileType = file.storyboard; name = Base; path = Base.lproj/Main.storyboard; sourceTree = "<group>"; };
		285C5B082367D8FC00519A5E /* Assets.xcassets */ = {isa = PBXFileReference; lastKnownFileType = folder.assetcatalog; path = Assets.xcassets; sourceTree = "<group>"; };
		285C5B0B2367D8FC00519A5E /* Base */ = {isa = PBXFileReference; lastKnownFileType = file.storyboard; name = Base; path = Base.lproj/LaunchScreen.storyboard; sourceTree = "<group>"; };
		285C5B0D2367D8FC00519A5E /* Info.plist */ = {isa = PBXFileReference; lastKnownFileType = text.plist.xml; path = Info.plist; sourceTree = "<group>"; };
		285C5B212367D94A00519A5E /* PlacarEletronico.xib */ = {isa = PBXFileReference; lastKnownFileType = file.xib; path = PlacarEletronico.xib; sourceTree = "<group>"; };
		285C5B242367DBA000519A5E /* Caractere.swift */ = {isa = PBXFileReference; fileEncoding = 4; lastKnownFileType = sourcecode.swift; path = Caractere.swift; sourceTree = "<group>"; };
		285C5B252367DBA000519A5E /* Letreiro.swift */ = {isa = PBXFileReference; fileEncoding = 4; lastKnownFileType = sourcecode.swift; path = Letreiro.swift; sourceTree = "<group>"; };
		285C5B262367DBA000519A5E /* Pixel.swift */ = {isa = PBXFileReference; fileEncoding = 4; lastKnownFileType = sourcecode.swift; path = Pixel.swift; sourceTree = "<group>"; };
		285C5B2A2367DBBC00519A5E /* PlacarEletronico.swift */ = {isa = PBXFileReference; lastKnownFileType = sourcecode.swift; path = PlacarEletronico.swift; sourceTree = "<group>"; };
/* End PBXFileReference section */

/* Begin PBXFrameworksBuildPhase section */
		285C5AF92367D8F500519A5E /* Frameworks */ = {
			isa = PBXFrameworksBuildPhase;
			buildActionMask = 2147483647;
			files = (
			);
			runOnlyForDeploymentPostprocessing = 0;
		};
/* End PBXFrameworksBuildPhase section */

/* Begin PBXGroup section */
		285C5AF32367D8F400519A5E = {
			isa = PBXGroup;
			children = (
				285C5AFE2367D8F500519A5E /* PlacarEletronico */,
				285C5AFD2367D8F500519A5E /* Products */,
			);
			sourceTree = "<group>";
		};
		285C5AFD2367D8F500519A5E /* Products */ = {
			isa = PBXGroup;
			children = (
				285C5AFC2367D8F500519A5E /* PlacarEletronico.app */,
			);
			name = Products;
			sourceTree = "<group>";
		};
		285C5AFE2367D8F500519A5E /* PlacarEletronico */ = {
			isa = PBXGroup;
			children = (
				285C5AFF2367D8F500519A5E /* AppDelegate.swift */,
				285C5B012367D8F500519A5E /* SceneDelegate.swift */,
				285C5B032367D8F500519A5E /* ViewController.swift */,
				285C5B052367D8F500519A5E /* Main.storyboard */,
				285C5B2A2367DBBC00519A5E /* PlacarEletronico.swift */,
				285C5B212367D94A00519A5E /* PlacarEletronico.xib */,
				285C5B232367DBA000519A5E /* Letreiro */,
				285C5B082367D8FC00519A5E /* Assets.xcassets */,
				285C5B0A2367D8FC00519A5E /* LaunchScreen.storyboard */,
				285C5B0D2367D8FC00519A5E /* Info.plist */,
			);
			path = PlacarEletronico;
			sourceTree = "<group>";
		};
		285C5B232367DBA000519A5E /* Letreiro */ = {
			isa = PBXGroup;
			children = (
				285C5B242367DBA000519A5E /* Caractere.swift */,
				285C5B252367DBA000519A5E /* Letreiro.swift */,
				285C5B262367DBA000519A5E /* Pixel.swift */,
			);
			path = Letreiro;
			sourceTree = "<group>";
		};
/* End PBXGroup section */

/* Begin PBXNativeTarget section */
		285C5AFB2367D8F500519A5E /* PlacarEletronico */ = {
			isa = PBXNativeTarget;
			buildConfigurationList = 285C5B102367D8FC00519A5E /* Build configuration list for PBXNativeTarget "PlacarEletronico" */;
			buildPhases = (
				285C5AF82367D8F500519A5E /* Sources */,
				285C5AF92367D8F500519A5E /* Frameworks */,
				285C5AFA2367D8F500519A5E /* Resources */,
			);
			buildRules = (
			);
			dependencies = (
			);
			name = PlacarEletronico;
			productName = PlacarEletronico;
			productReference = 285C5AFC2367D8F500519A5E /* PlacarEletronico.app */;
			productType = "com.apple.product-type.application";
		};
/* End PBXNativeTarget section */

/* Begin PBXProject section */
		285C5AF42367D8F400519A5E /* Project object */ = {
			isa = PBXProject;
			attributes = {
				LastSwiftUpdateCheck = 1100;
				LastUpgradeCheck = 1100;
				ORGANIZATIONNAME = "Ricardo Varjão";
				TargetAttributes = {
					285C5AFB2367D8F500519A5E = {
						CreatedOnToolsVersion = 11.0;
					};
				};
			};
			buildConfigurationList = 285C5AF72367D8F400519A5E /* Build configuration list for PBXProject "PlacarEletronico" */;
			compatibilityVersion = "Xcode 9.3";
			developmentRegion = en;
			hasScannedForEncodings = 0;
			knownRegions = (
				en,
				Base,
			);
			mainGroup = 285C5AF32367D8F400519A5E;
			productRefGroup = 285C5AFD2367D8F500519A5E /* Products */;
			projectDirPath = "";
			projectRoot = "";
			targets = (
				285C5AFB2367D8F500519A5E /* PlacarEletronico */,
			);
		};
/* End PBXProject section */

/* Begin PBXResourcesBuildPhase section */
		285C5AFA2367D8F500519A5E /* Resources */ = {
			isa = PBXResourcesBuildPhase;
			buildActionMask = 2147483647;
			files = (
				285C5B222367D94B00519A5E /* PlacarEletronico.xib in Resources */,
				285C5B0C2367D8FC00519A5E /* LaunchScreen.storyboard in Resources */,
				285C5B092367D8FC00519A5E /* Assets.xcassets in Resources */,
				285C5B072367D8F500519A5E /* Main.storyboard in Resources */,
			);
			runOnlyForDeploymentPostprocessing = 0;
		};
/* End PBXResourcesBuildPhase section */

/* Begin PBXSourcesBuildPhase section */
		285C5AF82367D8F500519A5E /* Sources */ = {
			isa = PBXSourcesBuildPhase;
			buildActionMask = 2147483647;
			files = (
				285C5B282367DBA000519A5E /* Letreiro.swift in Sources */,
				285C5B272367DBA000519A5E /* Caractere.swift in Sources */,
				285C5B042367D8F500519A5E /* ViewController.swift in Sources */,
				285C5B002367D8F500519A5E /* AppDelegate.swift in Sources */,
				285C5B292367DBA000519A5E /* Pixel.swift in Sources */,
				285C5B2B2367DBBC00519A5E /* PlacarEletronico.swift in Sources */,
				285C5B022367D8F500519A5E /* SceneDelegate.swift in Sources */,
			);
			runOnlyForDeploymentPostprocessing = 0;
		};
/* End PBXSourcesBuildPhase section */

/* Begin PBXVariantGroup section */
		285C5B052367D8F500519A5E /* Main.storyboard */ = {
			isa = PBXVariantGroup;
			children = (
				285C5B062367D8F500519A5E /* Base */,
			);
			name = Main.storyboard;
			sourceTree = "<group>";
		};
		285C5B0A2367D8FC00519A5E /* LaunchScreen.storyboard */ = {
			isa = PBXVariantGroup;
			children = (
				285C5B0B2367D8FC00519A5E /* Base */,
			);
			name = LaunchScreen.storyboard;
			sourceTree = "<group>";
		};
/* End PBXVariantGroup section */

/* Begin XCBuildConfiguration section */
		285C5B0E2367D8FC00519A5E /* Debug */ = {
			isa = XCBuildConfiguration;
			buildSettings = {
				ALWAYS_SEARCH_USER_PATHS = NO;
				CLANG_ANALYZER_NONNULL = YES;
				CLANG_ANALYZER_NUMBER_OBJECT_CONVERSION = YES_AGGRESSIVE;
				CLANG_CXX_LANGUAGE_STANDARD = "gnu++14";
				CLANG_CXX_LIBRARY = "libc++";
				CLANG_ENABLE_MODULES = YES;
				CLANG_ENABLE_OBJC_ARC = YES;
				CLANG_ENABLE_OBJC_WEAK = YES;
				CLANG_WARN_BLOCK_CAPTURE_AUTORELEASING = YES;
				CLANG_WARN_BOOL_CONVERSION = YES;
				CLANG_WARN_COMMA = YES;
				CLANG_WARN_CONSTANT_CONVERSION = YES;
				CLANG_WARN_DEPRECATED_OBJC_IMPLEMENTATIONS = YES;
				CLANG_WARN_DIRECT_OBJC_ISA_USAGE = YES_ERROR;
				CLANG_WARN_DOCUMENTATION_COMMENTS = YES;
				CLANG_WARN_EMPTY_BODY = YES;
				CLANG_WARN_ENUM_CONVERSION = YES;
				CLANG_WARN_INFINITE_RECURSION = YES;
				CLANG_WARN_INT_CONVERSION = YES;
				CLANG_WARN_NON_LITERAL_NULL_CONVERSION = YES;
				CLANG_WARN_OBJC_IMPLICIT_RETAIN_SELF = YES;
				CLANG_WARN_OBJC_LITERAL_CONVERSION = YES;
				CLANG_WARN_OBJC_ROOT_CLASS = YES_ERROR;
				CLANG_WARN_RANGE_LOOP_ANALYSIS = YES;
				CLANG_WARN_STRICT_PROTOTYPES = YES;
				CLANG_WARN_SUSPICIOUS_MOVE = YES;
				CLANG_WARN_UNGUARDED_AVAILABILITY = YES_AGGRESSIVE;
				CLANG_WARN_UNREACHABLE_CODE = YES;
				CLANG_WARN__DUPLICATE_METHOD_MATCH = YES;
				COPY_PHASE_STRIP = NO;
				DEBUG_INFORMATION_FORMAT = dwarf;
				ENABLE_STRICT_OBJC_MSGSEND = YES;
				ENABLE_TESTABILITY = YES;
				GCC_C_LANGUAGE_STANDARD = gnu11;
				GCC_DYNAMIC_NO_PIC = NO;
				GCC_NO_COMMON_BLOCKS = YES;
				GCC_OPTIMIZATION_LEVEL = 0;
				GCC_PREPROCESSOR_DEFINITIONS = (
					"DEBUG=1",
					"$(inherited)",
				);
				GCC_WARN_64_TO_32_BIT_CONVERSION = YES;
				GCC_WARN_ABOUT_RETURN_TYPE = YES_ERROR;
				GCC_WARN_UNDECLARED_SELECTOR = YES;
				GCC_WARN_UNINITIALIZED_AUTOS = YES_AGGRESSIVE;
				GCC_WARN_UNUSED_FUNCTION = YES;
				GCC_WARN_UNUSED_VARIABLE = YES;
				IPHONEOS_DEPLOYMENT_TARGET = 13.0;
				MTL_ENABLE_DEBUG_INFO = INCLUDE_SOURCE;
				MTL_FAST_MATH = YES;
				ONLY_ACTIVE_ARCH = YES;
				SDKROOT = iphoneos;
				SWIFT_ACTIVE_COMPILATION_CONDITIONS = DEBUG;
				SWIFT_OPTIMIZATION_LEVEL = "-Onone";
			};
			name = Debug;
		};
		285C5B0F2367D8FC00519A5E /* Release */ = {
			isa = XCBuildConfiguration;
			buildSettings = {
				ALWAYS_SEARCH_USER_PATHS = NO;
				CLANG_ANALYZER_NONNULL = YES;
				CLANG_ANALYZER_NUMBER_OBJECT_CONVERSION = YES_AGGRESSIVE;
				CLANG_CXX_LANGUAGE_STANDARD = "gnu++14";
				CLANG_CXX_LIBRARY = "libc++";
				CLANG_ENABLE_MODULES = YES;
				CLANG_ENABLE_OBJC_ARC = YES;
				CLANG_ENABLE_OBJC_WEAK = YES;
				CLANG_WARN_BLOCK_CAPTURE_AUTORELEASING = YES;
				CLANG_WARN_BOOL_CONVERSION = YES;
				CLANG_WARN_COMMA = YES;
				CLANG_WARN_CONSTANT_CONVERSION = YES;
				CLANG_WARN_DEPRECATED_OBJC_IMPLEMENTATIONS = YES;
				CLANG_WARN_DIRECT_OBJC_ISA_USAGE = YES_ERROR;
				CLANG_WARN_DOCUMENTATION_COMMENTS = YES;
				CLANG_WARN_EMPTY_BODY = YES;
				CLANG_WARN_ENUM_CONVERSION = YES;
				CLANG_WARN_INFINITE_RECURSION = YES;
				CLANG_WARN_INT_CONVERSION = YES;
				CLANG_WARN_NON_LITERAL_NULL_CONVERSION = YES;
				CLANG_WARN_OBJC_IMPLICIT_RETAIN_SELF = YES;
				CLANG_WARN_OBJC_LITERAL_CONVERSION = YES;
				CLANG_WARN_OBJC_ROOT_CLASS = YES_ERROR;
				CLANG_WARN_RANGE_LOOP_ANALYSIS = YES;
				CLANG_WARN_STRICT_PROTOTYPES = YES;
				CLANG_WARN_SUSPICIOUS_MOVE = YES;
				CLANG_WARN_UNGUARDED_AVAILABILITY = YES_AGGRESSIVE;
				CLANG_WARN_UNREACHABLE_CODE = YES;
				CLANG_WARN__DUPLICATE_METHOD_MATCH = YES;
				COPY_PHASE_STRIP = NO;
				DEBUG_INFORMATION_FORMAT = "dwarf-with-dsym";
				ENABLE_NS_ASSERTIONS = NO;
				ENABLE_STRICT_OBJC_MSGSEND = YES;
				GCC_C_LANGUAGE_STANDARD = gnu11;
				GCC_NO_COMMON_BLOCKS = YES;
				GCC_WARN_64_TO_32_BIT_CONVERSION = YES;
				GCC_WARN_ABOUT_RETURN_TYPE = YES_ERROR;
				GCC_WARN_UNDECLARED_SELECTOR = YES;
				GCC_WARN_UNINITIALIZED_AUTOS = YES_AGGRESSIVE;
				GCC_WARN_UNUSED_FUNCTION = YES;
				GCC_WARN_UNUSED_VARIABLE = YES;
				IPHONEOS_DEPLOYMENT_TARGET = 13.0;
				MTL_ENABLE_DEBUG_INFO = NO;
				MTL_FAST_MATH = YES;
				SDKROOT = iphoneos;
				SWIFT_COMPILATION_MODE = wholemodule;
				SWIFT_OPTIMIZATION_LEVEL = "-O";
				VALIDATE_PRODUCT = YES;
			};
			name = Release;
		};
		285C5B112367D8FC00519A5E /* Debug */ = {
			isa = XCBuildConfiguration;
			buildSettings = {
				ASSETCATALOG_COMPILER_APPICON_NAME = AppIcon;
				CODE_SIGN_STYLE = Automatic;
				DEVELOPMENT_TEAM = NQ67MCF937;
				INFOPLIST_FILE = PlacarEletronico/Info.plist;
				LD_RUNPATH_SEARCH_PATHS = (
					"$(inherited)",
					"@executable_path/Frameworks",
				);
				PRODUCT_BUNDLE_IDENTIFIER = rvarjao.PlacarEletronico;
				PRODUCT_NAME = "$(TARGET_NAME)";
				SWIFT_VERSION = 5.0;
				TARGETED_DEVICE_FAMILY = "1,2";
			};
			name = Debug;
		};
		285C5B122367D8FC00519A5E /* Release */ = {
			isa = XCBuildConfiguration;
			buildSettings = {
				ASSETCATALOG_COMPILER_APPICON_NAME = AppIcon;
				CODE_SIGN_STYLE = Automatic;
				DEVELOPMENT_TEAM = NQ67MCF937;
				INFOPLIST_FILE = PlacarEletronico/Info.plist;
				LD_RUNPATH_SEARCH_PATHS = (
					"$(inherited)",
					"@executable_path/Frameworks",
				);
				PRODUCT_BUNDLE_IDENTIFIER = rvarjao.PlacarEletronico;
				PRODUCT_NAME = "$(TARGET_NAME)";
				SWIFT_VERSION = 5.0;
				TARGETED_DEVICE_FAMILY = "1,2";
			};
			name = Release;
		};
/* End XCBuildConfiguration section */

/* Begin XCConfigurationList section */
		285C5AF72367D8F400519A5E /* Build configuration list for PBXProject "PlacarEletronico" */ = {
			isa = XCConfigurationList;
			buildConfigurations = (
				285C5B0E2367D8FC00519A5E /* Debug */,
				285C5B0F2367D8FC00519A5E /* Release */,
			);
			defaultConfigurationIsVisible = 0;
			defaultConfigurationName = Release;
		};
		285C5B102367D8FC00519A5E /* Build configuration list for PBXNativeTarget "PlacarEletronico" */ = {
			isa = XCConfigurationList;
			buildConfigurations = (
				285C5B112367D8FC00519A5E /* Debug */,
				285C5B122367D8FC00519A5E /* Release */,
			);
			defaultConfigurationIsVisible = 0;
			defaultConfigurationName = Release;
		};
/* End XCConfigurationList section */
	};
	rootObject = 285C5AF42367D8F400519A5E /* Project object */;
}
